
Microsoft Visual Studio Solution File, Format Version 12.00
# Visual Studio 14
VisualStudioVersion = 14.0.25420.1
MinimumVisualStudioVersion = 10.0.40219.1
Project("{FAE04EC0-301F-11D3-BF4B-00C04F79EFBC}") = "Plugin", "Plugin\Plugin.csproj", "{3E915E15-F7BA-4B47-8561-5CBF07288F8B}"
EndProject
Project("{FAE04EC0-301F-11D3-BF4B-00C04F79EFBC}") = "Util", "Util\Util.csproj", "{73C08910-AD7A-411E-A955-2D66B442F3D4}"
EndProject
Project("{FAE04EC0-301F-11D3-BF4B-00C04F79EFBC}") = "WebApi", "WebApi\WebApi.csproj", "{A484188B-E44C-4850-95FD-1A8108497587}"
EndProject
Project("{FAE04EC0-301F-11D3-BF4B-00C04F79EFBC}") = "ConsoleDeom", "ConsoleDeom\ConsoleDeom.csproj", "{2D44808E-2B92-49DC-9092-CA38FA58207E}"
EndProject
Project("{FAE04EC0-301F-11D3-BF4B-00C04F79EFBC}") = "WCFService", "WCFService\WCFService.csproj", "{541786A4-7609-4757-A9EE-C5FA3E3503D1}"
EndProject
Project("{FAE04EC0-301F-11D3-BF4B-00C04F79EFBC}") = "RemoteObject", "RemoteObject\RemoteObject.csproj", "{A9E6F313-B564-4830-B5AD-380D8CBB64E3}"
EndProject
Project("{FAE04EC0-301F-11D3-BF4B-00C04F79EFBC}") = "RemoteServer", "RemoteServer\RemoteServer.csproj", "{40937CAA-2CF0-44C1-9797-B08E0A0A4141}"
EndProject
Project("{FAE04EC0-301F-11D3-BF4B-00C04F79EFBC}") = "RemoteClient", "RemoteClient\RemoteClient.csproj", "{17BEF13E-B5AC-4638-AF03-2D5FC7E0BD4F}"
EndProject
Project("{FAE04EC0-301F-11D3-BF4B-00C04F79EFBC}") = "RemotingLog", "RemotingLog\RemotingLog.csproj", "{6BA5BB1F-2C59-407B-9E4B-98F9B2847191}"
EndProject
Project("{FAE04EC0-301F-11D3-BF4B-00C04F79EFBC}") = "RemotingLogCon", "RemotingLogCon\RemotingLogCon.csproj", "{0C712A08-A8AF-4AE1-A873-D0430B9A0316}"
EndProject
Project("{FAE04EC0-301F-11D3-BF4B-00C04F79EFBC}") = "WebForm", "WebForm\WebForm.csproj", "{2B7FBFBC-6311-412F-90A8-FDA71C36D355}"
EndProject
Project("{FAE04EC0-301F-11D3-BF4B-00C04F79EFBC}") = "ServiceDemo", "ServiceDemo\ServiceDemo.csproj", "{0ECB12C0-AE2E-4360-AB81-8ED994D408B8}"
EndProject
Project("{FAE04EC0-301F-11D3-BF4B-00C04F79EFBC}") = "LoggingSink", "LoggingSink\LoggingSink.csproj", "{13F6BB26-76F6-464C-B25A-BEDDE8701199}"
EndProject
Project("{FAE04EC0-301F-11D3-BF4B-00C04F79EFBC}") = "TestLogger", "TestLogger\TestLogger.csproj", "{4F16CA21-E680-4806-96A7-DC95E2B72453}"
EndProject
Project("{FAE04EC0-301F-11D3-BF4B-00C04F79EFBC}") = "OAuthWebApi", "OAuthWebApi\OAuthWebApi.csproj", "{E02EC80A-BE27-410D-9BDE-8C2B9A568E29}"
EndProject
Project("{888888A0-9F3D-457C-B088-3A5042F75D52}") = "PythonDemo", "PythonDemo\PythonDemo.pyproj", "{F67BC800-77E6-48CD-99CB-F409481FC116}"
EndProject
Project("{FAE04EC0-301F-11D3-BF4B-00C04F79EFBC}") = "WPFDemo", "WPFDemo\WPFDemo.csproj", "{3C7FBCDF-F1E6-4EE9-A3AB-EE68C4EE792B}"
EndProject
Project("{FAE04EC0-301F-11D3-BF4B-00C04F79EFBC}") = "WebMvc", "WebMvc\WebMvc.csproj", "{92B767C7-B02C-4229-97E5-78A40208E044}"
EndProject
Project("{FAE04EC0-301F-11D3-BF4B-00C04F79EFBC}") = "WebMvc.Tests", "WebMvc.Tests\WebMvc.Tests.csproj", "{CC49CFBF-C8F2-44BD-92B4-020EEE433C80}"
EndProject
Project("{2150E333-8FDC-42A3-9474-1A3956D46DE8}") = "MvcProject", "MvcProject", "{D589DF4B-F6BC-45A6-A838-7669E839A782}"
EndProject
Project("{FAE04EC0-301F-11D3-BF4B-00C04F79EFBC}") = "WebMvc.Model", "MvcProject\WebMvc.Model\WebMvc.Model.csproj", "{618DACA2-41C3-43EA-8357-295C963C0AF6}"
EndProject
Project("{FAE04EC0-301F-11D3-BF4B-00C04F79EFBC}") = "WebMvc.IDAL", "MvcProject\WebMvc.IDAL\WebMvc.IDAL.csproj", "{15292AA4-78FD-4CF6-BF66-AF3C0B83248A}"
EndProject
Project("{FAE04EC0-301F-11D3-BF4B-00C04F79EFBC}") = "WebMvc.IBLL", "MvcProject\WebMvc.IBLL\WebMvc.IBLL.csproj", "{6846314C-3FC1-4B26-9E41-C2214B4B9804}"
EndProject
Project("{FAE04EC0-301F-11D3-BF4B-00C04F79EFBC}") = "WebMvc.BLL", "MvcProject\WebMvc.BLL\WebMvc.BLL.csproj", "{702D5383-A5BC-4ACA-AEA0-31448B46C334}"
EndProject
Project("{FAE04EC0-301F-11D3-BF4B-00C04F79EFBC}") = "WebMvc.DAL", "MvcProject\WebMvc.DAL\WebMvc.DAL.csproj", "{9090E144-5722-4E81-A9C0-50CB418AB632}"
EndProject
Project("{FAE04EC0-301F-11D3-BF4B-00C04F79EFBC}") = "WForm", "WForm\WForm.csproj", "{00EE03DD-B7B4-42FB-BCB3-04EB347E487D}"
EndProject
Global
	GlobalSection(SolutionConfigurationPlatforms) = preSolution
		Debug|Any CPU = Debug|Any CPU
		Release|Any CPU = Release|Any CPU
	EndGlobalSection
	GlobalSection(ProjectConfigurationPlatforms) = postSolution
		{3E915E15-F7BA-4B47-8561-5CBF07288F8B}.Debug|Any CPU.ActiveCfg = Debug|Any CPU
		{3E915E15-F7BA-4B47-8561-5CBF07288F8B}.Debug|Any CPU.Build.0 = Debug|Any CPU
		{3E915E15-F7BA-4B47-8561-5CBF07288F8B}.Release|Any CPU.ActiveCfg = Release|Any CPU
		{3E915E15-F7BA-4B47-8561-5CBF07288F8B}.Release|Any CPU.Build.0 = Release|Any CPU
		{73C08910-AD7A-411E-A955-2D66B442F3D4}.Debug|Any CPU.ActiveCfg = Debug|Any CPU
		{73C08910-AD7A-411E-A955-2D66B442F3D4}.Debug|Any CPU.Build.0 = Debug|Any CPU
		{73C08910-AD7A-411E-A955-2D66B442F3D4}.Release|Any CPU.ActiveCfg = Release|Any CPU
		{73C08910-AD7A-411E-A955-2D66B442F3D4}.Release|Any CPU.Build.0 = Release|Any CPU
		{A484188B-E44C-4850-95FD-1A8108497587}.Debug|Any CPU.ActiveCfg = Debug|Any CPU
		{A484188B-E44C-4850-95FD-1A8108497587}.Debug|Any CPU.Build.0 = Debug|Any CPU
		{A484188B-E44C-4850-95FD-1A8108497587}.Release|Any CPU.ActiveCfg = Release|Any CPU
		{A484188B-E44C-4850-95FD-1A8108497587}.Release|Any CPU.Build.0 = Release|Any CPU
		{2D44808E-2B92-49DC-9092-CA38FA58207E}.Debug|Any CPU.ActiveCfg = Debug|Any CPU
		{2D44808E-2B92-49DC-9092-CA38FA58207E}.Debug|Any CPU.Build.0 = Debug|Any CPU
		{2D44808E-2B92-49DC-9092-CA38FA58207E}.Release|Any CPU.ActiveCfg = Release|Any CPU
		{2D44808E-2B92-49DC-9092-CA38FA58207E}.Release|Any CPU.Build.0 = Release|Any CPU
		{541786A4-7609-4757-A9EE-C5FA3E3503D1}.Debug|Any CPU.ActiveCfg = Debug|Any CPU
		{541786A4-7609-4757-A9EE-C5FA3E3503D1}.Debug|Any CPU.Build.0 = Debug|Any CPU
		{541786A4-7609-4757-A9EE-C5FA3E3503D1}.Release|Any CPU.ActiveCfg = Release|Any CPU
		{541786A4-7609-4757-A9EE-C5FA3E3503D1}.Release|Any CPU.Build.0 = Release|Any CPU
		{A9E6F313-B564-4830-B5AD-380D8CBB64E3}.Debug|Any CPU.ActiveCfg = Debug|Any CPU
		{A9E6F313-B564-4830-B5AD-380D8CBB64E3}.Debug|Any CPU.Build.0 = Debug|Any CPU
		{A9E6F313-B564-4830-B5AD-380D8CBB64E3}.Release|Any CPU.ActiveCfg = Release|Any CPU
		{A9E6F313-B564-4830-B5AD-380D8CBB64E3}.Release|Any CPU.Build.0 = Release|Any CPU
		{40937CAA-2CF0-44C1-9797-B08E0A0A4141}.Debug|Any CPU.ActiveCfg = Debug|Any CPU
		{40937CAA-2CF0-44C1-9797-B08E0A0A4141}.Debug|Any CPU.Build.0 = Debug|Any CPU
		{40937CAA-2CF0-44C1-9797-B08E0A0A4141}.Release|Any CPU.ActiveCfg = Release|Any CPU
		{40937CAA-2CF0-44C1-9797-B08E0A0A4141}.Release|Any CPU.Build.0 = Release|Any CPU
		{17BEF13E-B5AC-4638-AF03-2D5FC7E0BD4F}.Debug|Any CPU.ActiveCfg = Debug|Any CPU
		{17BEF13E-B5AC-4638-AF03-2D5FC7E0BD4F}.Debug|Any CPU.Build.0 = Debug|Any CPU
		{17BEF13E-B5AC-4638-AF03-2D5FC7E0BD4F}.Release|Any CPU.ActiveCfg = Release|Any CPU
		{17BEF13E-B5AC-4638-AF03-2D5FC7E0BD4F}.Release|Any CPU.Build.0 = Release|Any CPU
		{6BA5BB1F-2C59-407B-9E4B-98F9B2847191}.Debug|Any CPU.ActiveCfg = Debug|Any CPU
		{6BA5BB1F-2C59-407B-9E4B-98F9B2847191}.Debug|Any CPU.Build.0 = Debug|Any CPU
		{6BA5BB1F-2C59-407B-9E4B-98F9B2847191}.Release|Any CPU.ActiveCfg = Release|Any CPU
		{6BA5BB1F-2C59-407B-9E4B-98F9B2847191}.Release|Any CPU.Build.0 = Release|Any CPU
		{0C712A08-A8AF-4AE1-A873-D0430B9A0316}.Debug|Any CPU.ActiveCfg = Debug|Any CPU
		{0C712A08-A8AF-4AE1-A873-D0430B9A0316}.Debug|Any CPU.Build.0 = Debug|Any CPU
		{0C712A08-A8AF-4AE1-A873-D0430B9A0316}.Release|Any CPU.ActiveCfg = Release|Any CPU
		{0C712A08-A8AF-4AE1-A873-D0430B9A0316}.Release|Any CPU.Build.0 = Release|Any CPU
		{2B7FBFBC-6311-412F-90A8-FDA71C36D355}.Debug|Any CPU.ActiveCfg = Debug|Any CPU
		{2B7FBFBC-6311-412F-90A8-FDA71C36D355}.Debug|Any CPU.Build.0 = Debug|Any CPU
		{2B7FBFBC-6311-412F-90A8-FDA71C36D355}.Release|Any CPU.ActiveCfg = Release|Any CPU
		{2B7FBFBC-6311-412F-90A8-FDA71C36D355}.Release|Any CPU.Build.0 = Release|Any CPU
		{0ECB12C0-AE2E-4360-AB81-8ED994D408B8}.Debug|Any CPU.ActiveCfg = Debug|Any CPU
		{0ECB12C0-AE2E-4360-AB81-8ED994D408B8}.Debug|Any CPU.Build.0 = Debug|Any CPU
		{0ECB12C0-AE2E-4360-AB81-8ED994D408B8}.Release|Any CPU.ActiveCfg = Release|Any CPU
		{0ECB12C0-AE2E-4360-AB81-8ED994D408B8}.Release|Any CPU.Build.0 = Release|Any CPU
		{13F6BB26-76F6-464C-B25A-BEDDE8701199}.Debug|Any CPU.ActiveCfg = Debug|Any CPU
		{13F6BB26-76F6-464C-B25A-BEDDE8701199}.Debug|Any CPU.Build.0 = Debug|Any CPU
		{13F6BB26-76F6-464C-B25A-BEDDE8701199}.Release|Any CPU.ActiveCfg = Release|Any CPU
		{13F6BB26-76F6-464C-B25A-BEDDE8701199}.Release|Any CPU.Build.0 = Release|Any CPU
		{4F16CA21-E680-4806-96A7-DC95E2B72453}.Debug|Any CPU.ActiveCfg = Debug|Any CPU
		{4F16CA21-E680-4806-96A7-DC95E2B72453}.Debug|Any CPU.Build.0 = Debug|Any CPU
		{4F16CA21-E680-4806-96A7-DC95E2B72453}.Release|Any CPU.ActiveCfg = Release|Any CPU
		{4F16CA21-E680-4806-96A7-DC95E2B72453}.Release|Any CPU.Build.0 = Release|Any CPU
		{E02EC80A-BE27-410D-9BDE-8C2B9A568E29}.Debug|Any CPU.ActiveCfg = Debug|Any CPU
		{E02EC80A-BE27-410D-9BDE-8C2B9A568E29}.Debug|Any CPU.Build.0 = Debug|Any CPU
		{E02EC80A-BE27-410D-9BDE-8C2B9A568E29}.Release|Any CPU.ActiveCfg = Release|Any CPU
		{E02EC80A-BE27-410D-9BDE-8C2B9A568E29}.Release|Any CPU.Build.0 = Release|Any CPU
		{F67BC800-77E6-48CD-99CB-F409481FC116}.Debug|Any CPU.ActiveCfg = Debug|Any CPU
		{F67BC800-77E6-48CD-99CB-F409481FC116}.Release|Any CPU.ActiveCfg = Release|Any CPU
		{3C7FBCDF-F1E6-4EE9-A3AB-EE68C4EE792B}.Debug|Any CPU.ActiveCfg = Debug|Any CPU
		{3C7FBCDF-F1E6-4EE9-A3AB-EE68C4EE792B}.Debug|Any CPU.Build.0 = Debug|Any CPU
		{3C7FBCDF-F1E6-4EE9-A3AB-EE68C4EE792B}.Release|Any CPU.ActiveCfg = Release|Any CPU
		{3C7FBCDF-F1E6-4EE9-A3AB-EE68C4EE792B}.Release|Any CPU.Build.0 = Release|Any CPU
		{92B767C7-B02C-4229-97E5-78A40208E044}.Debug|Any CPU.ActiveCfg = Debug|Any CPU
		{92B767C7-B02C-4229-97E5-78A40208E044}.Debug|Any CPU.Build.0 = Debug|Any CPU
		{92B767C7-B02C-4229-97E5-78A40208E044}.Release|Any CPU.ActiveCfg = Release|Any CPU
		{92B767C7-B02C-4229-97E5-78A40208E044}.Release|Any CPU.Build.0 = Release|Any CPU
		{CC49CFBF-C8F2-44BD-92B4-020EEE433C80}.Debug|Any CPU.ActiveCfg = Debug|Any CPU
		{CC49CFBF-C8F2-44BD-92B4-020EEE433C80}.Debug|Any CPU.Build.0 = Debug|Any CPU
		{CC49CFBF-C8F2-44BD-92B4-020EEE433C80}.Release|Any CPU.ActiveCfg = Release|Any CPU
		{CC49CFBF-C8F2-44BD-92B4-020EEE433C80}.Release|Any CPU.Build.0 = Release|Any CPU
		{618DACA2-41C3-43EA-8357-295C963C0AF6}.Debug|Any CPU.ActiveCfg = Debug|Any CPU
		{618DACA2-41C3-43EA-8357-295C963C0AF6}.Debug|Any CPU.Build.0 = Debug|Any CPU
		{618DACA2-41C3-43EA-8357-295C963C0AF6}.Release|Any CPU.ActiveCfg = Release|Any CPU
		{618DACA2-41C3-43EA-8357-295C963C0AF6}.Release|Any CPU.Build.0 = Release|Any CPU
		{15292AA4-78FD-4CF6-BF66-AF3C0B83248A}.Debug|Any CPU.ActiveCfg = Debug|Any CPU
		{15292AA4-78FD-4CF6-BF66-AF3C0B83248A}.Debug|Any CPU.Build.0 = Debug|Any CPU
		{15292AA4-78FD-4CF6-BF66-AF3C0B83248A}.Release|Any CPU.ActiveCfg = Release|Any CPU
		{15292AA4-78FD-4CF6-BF66-AF3C0B83248A}.Release|Any CPU.Build.0 = Release|Any CPU
		{6846314C-3FC1-4B26-9E41-C2214B4B9804}.Debug|Any CPU.ActiveCfg = Debug|Any CPU
		{6846314C-3FC1-4B26-9E41-C2214B4B9804}.Debug|Any CPU.Build.0 = Debug|Any CPU
		{6846314C-3FC1-4B26-9E41-C2214B4B9804}.Release|Any CPU.ActiveCfg = Release|Any CPU
		{6846314C-3FC1-4B26-9E41-C2214B4B9804}.Release|Any CPU.Build.0 = Release|Any CPU
		{702D5383-A5BC-4ACA-AEA0-31448B46C334}.Debug|Any CPU.ActiveCfg = Debug|Any CPU
		{702D5383-A5BC-4ACA-AEA0-31448B46C334}.Debug|Any CPU.Build.0 = Debug|Any CPU
		{702D5383-A5BC-4ACA-AEA0-31448B46C334}.Release|Any CPU.ActiveCfg = Release|Any CPU
		{702D5383-A5BC-4ACA-AEA0-31448B46C334}.Release|Any CPU.Build.0 = Release|Any CPU
		{9090E144-5722-4E81-A9C0-50CB418AB632}.Debug|Any CPU.ActiveCfg = Debug|Any CPU
		{9090E144-5722-4E81-A9C0-50CB418AB632}.Debug|Any CPU.Build.0 = Debug|Any CPU
		{9090E144-5722-4E81-A9C0-50CB418AB632}.Release|Any CPU.ActiveCfg = Release|Any CPU
		{9090E144-5722-4E81-A9C0-50CB418AB632}.Release|Any CPU.Build.0 = Release|Any CPU
		{00EE03DD-B7B4-42FB-BCB3-04EB347E487D}.Debug|Any CPU.ActiveCfg = Debug|Any CPU
		{00EE03DD-B7B4-42FB-BCB3-04EB347E487D}.Debug|Any CPU.Build.0 = Debug|Any CPU
		{00EE03DD-B7B4-42FB-BCB3-04EB347E487D}.Release|Any CPU.ActiveCfg = Release|Any CPU
		{00EE03DD-B7B4-42FB-BCB3-04EB347E487D}.Release|Any CPU.Build.0 = Release|Any CPU
	EndGlobalSection
	GlobalSection(SolutionProperties) = preSolution
		HideSolutionNode = FALSE
	EndGlobalSection
	GlobalSection(NestedProjects) = preSolution
		{618DACA2-41C3-43EA-8357-295C963C0AF6} = {D589DF4B-F6BC-45A6-A838-7669E839A782}
		{15292AA4-78FD-4CF6-BF66-AF3C0B83248A} = {D589DF4B-F6BC-45A6-A838-7669E839A782}
		{6846314C-3FC1-4B26-9E41-C2214B4B9804} = {D589DF4B-F6BC-45A6-A838-7669E839A782}
		{702D5383-A5BC-4ACA-AEA0-31448B46C334} = {D589DF4B-F6BC-45A6-A838-7669E839A782}
		{9090E144-5722-4E81-A9C0-50CB418AB632} = {D589DF4B-F6BC-45A6-A838-7669E839A782}
	EndGlobalSection
EndGlobal
